// !$*UTF8*$!
{
	archiveVersion = 1;
	classes = {
	};
	objectVersion = 48;
	objects = {

/* Begin PBXBuildFile section */
		060C0B0A1F75E3690088C6BB /* AppDelegate.swift in Sources */ = {isa = PBXBuildFile; fileRef = 060C0B091F75E3690088C6BB /* AppDelegate.swift */; };
		060C0B111F75E3690088C6BB /* Assets.xcassets in Resources */ = {isa = PBXBuildFile; fileRef = 060C0B101F75E3690088C6BB /* Assets.xcassets */; };
		060C0B141F75E3690088C6BB /* LaunchScreen.storyboard in Resources */ = {isa = PBXBuildFile; fileRef = 060C0B121F75E3690088C6BB /* LaunchScreen.storyboard */; };
		060C0B1E1F75E3C80088C6BB /* JFConstriantsSimple.swift in Sources */ = {isa = PBXBuildFile; fileRef = 060C0B1D1F75E3C80088C6BB /* JFConstriantsSimple.swift */; };
		060C0B201F75E4170088C6BB /* HeaderController.swift in Sources */ = {isa = PBXBuildFile; fileRef = 060C0B1F1F75E4170088C6BB /* HeaderController.swift */; };
		060C0B221F75E4290088C6BB /* BodyController.swift in Sources */ = {isa = PBXBuildFile; fileRef = 060C0B211F75E4290088C6BB /* BodyController.swift */; };
		060C0B241F75E5100088C6BB /* SimpleChildController.swift in Sources */ = {isa = PBXBuildFile; fileRef = 060C0B231F75E5100088C6BB /* SimpleChildController.swift */; };
		060C0B261F75E7D40088C6BB /* DuoContainerController.swift in Sources */ = {isa = PBXBuildFile; fileRef = 060C0B251F75E7D40088C6BB /* DuoContainerController.swift */; };
		060C0B281F75EC870088C6BB /* Animator.swift in Sources */ = {isa = PBXBuildFile; fileRef = 060C0B271F75EC870088C6BB /* Animator.swift */; };
/* End PBXBuildFile section */

/* Begin PBXFileReference section */
		060C0B061F75E3690088C6BB /* TransitionTest.app */ = {isa = PBXFileReference; explicitFileType = wrapper.application; includeInIndex = 0; path = TransitionTest.app; sourceTree = BUILT_PRODUCTS_DIR; };
		060C0B091F75E3690088C6BB /* AppDelegate.swift */ = {isa = PBXFileReference; lastKnownFileType = sourcecode.swift; path = AppDelegate.swift; sourceTree = "<group>"; };
		060C0B101F75E3690088C6BB /* Assets.xcassets */ = {isa = PBXFileReference; lastKnownFileType = folder.assetcatalog; path = Assets.xcassets; sourceTree = "<group>"; };
		060C0B131F75E3690088C6BB /* Base */ = {isa = PBXFileReference; lastKnownFileType = file.storyboard; name = Base; path = Base.lproj/LaunchScreen.storyboard; sourceTree = "<group>"; };
		060C0B151F75E3690088C6BB /* Info.plist */ = {isa = PBXFileReference; lastKnownFileType = text.plist.xml; path = Info.plist; sourceTree = "<group>"; };
		060C0B1D1F75E3C80088C6BB /* JFConstriantsSimple.swift */ = {isa = PBXFileReference; lastKnownFileType = sourcecode.swift; path = JFConstriantsSimple.swift; sourceTree = "<group>"; };
		060C0B1F1F75E4170088C6BB /* HeaderController.swift */ = {isa = PBXFileReference; lastKnownFileType = sourcecode.swift; path = HeaderController.swift; sourceTree = "<group>"; };
		060C0B211F75E4290088C6BB /* BodyController.swift */ = {isa = PBXFileReference; lastKnownFileType = sourcecode.swift; path = BodyController.swift; sourceTree = "<group>"; };
		060C0B231F75E5100088C6BB /* SimpleChildController.swift */ = {isa = PBXFileReference; lastKnownFileType = sourcecode.swift; path = SimpleChildController.swift; sourceTree = "<group>"; };
		060C0B251F75E7D40088C6BB /* DuoContainerController.swift */ = {isa = PBXFileReference; lastKnownFileType = sourcecode.swift; path = DuoContainerController.swift; sourceTree = "<group>"; };
		060C0B271F75EC870088C6BB /* Animator.swift */ = {isa = PBXFileReference; lastKnownFileType = sourcecode.swift; path = Animator.swift; sourceTree = "<group>"; };
/* End PBXFileReference section */

/* Begin PBXFrameworksBuildPhase section */
		060C0B031F75E3690088C6BB /* Frameworks */ = {
			isa = PBXFrameworksBuildPhase;
			buildActionMask = 2147483647;
			files = (
			);
			runOnlyForDeploymentPostprocessing = 0;
		};
/* End PBXFrameworksBuildPhase section */

/* Begin PBXGroup section */
		060C0AFD1F75E3690088C6BB = {
			isa = PBXGroup;
			children = (
				060C0B081F75E3690088C6BB /* TransitionTest */,
				060C0B071F75E3690088C6BB /* Products */,
			);
			sourceTree = "<group>";
		};
		060C0B071F75E3690088C6BB /* Products */ = {
			isa = PBXGroup;
			children = (
				060C0B061F75E3690088C6BB /* TransitionTest.app */,
			);
			name = Products;
			sourceTree = "<group>";
		};
		060C0B081F75E3690088C6BB /* TransitionTest */ = {
			isa = PBXGroup;
			children = (
				060C0B101F75E3690088C6BB /* Assets.xcassets */,
				060C0B091F75E3690088C6BB /* AppDelegate.swift */,
				060C0B151F75E3690088C6BB /* Info.plist */,
				060C0B121F75E3690088C6BB /* LaunchScreen.storyboard */,
				060C0B1D1F75E3C80088C6BB /* JFConstriantsSimple.swift */,
				060C0B251F75E7D40088C6BB /* DuoContainerController.swift */,
				060C0B1F1F75E4170088C6BB /* HeaderController.swift */,
				060C0B211F75E4290088C6BB /* BodyController.swift */,
				060C0B231F75E5100088C6BB /* SimpleChildController.swift */,
				060C0B271F75EC870088C6BB /* Animator.swift */,
			);
			path = TransitionTest;
			sourceTree = "<group>";
		};
/* End PBXGroup section */

/* Begin PBXNativeTarget section */
		060C0B051F75E3690088C6BB /* TransitionTest */ = {
			isa = PBXNativeTarget;
			buildConfigurationList = 060C0B181F75E3690088C6BB /* Build configuration list for PBXNativeTarget "TransitionTest" */;
			buildPhases = (
				060C0B021F75E3690088C6BB /* Sources */,
				060C0B031F75E3690088C6BB /* Frameworks */,
				060C0B041F75E3690088C6BB /* Resources */,
			);
			buildRules = (
			);
			dependencies = (
			);
			name = TransitionTest;
			productName = TransitionTest;
			productReference = 060C0B061F75E3690088C6BB /* TransitionTest.app */;
			productType = "com.apple.product-type.application";
		};
/* End PBXNativeTarget section */

/* Begin PBXProject section */
		060C0AFE1F75E3690088C6BB /* Project object */ = {
			isa = PBXProject;
			attributes = {
				LastSwiftUpdateCheck = 0900;
				LastUpgradeCheck = 0900;
				ORGANIZATIONNAME = "Joseph Falcone";
				TargetAttributes = {
					060C0B051F75E3690088C6BB = {
						CreatedOnToolsVersion = 9.0;
						ProvisioningStyle = Automatic;
					};
				};
			};
			buildConfigurationList = 060C0B011F75E3690088C6BB /* Build configuration list for PBXProject "TransitionTest" */;
			compatibilityVersion = "Xcode 8.0";
			developmentRegion = en;
			hasScannedForEncodings = 0;
			knownRegions = (
				en,
				Base,
			);
			mainGroup = 060C0AFD1F75E3690088C6BB;
			productRefGroup = 060C0B071F75E3690088C6BB /* Products */;
			projectDirPath = "";
			projectRoot = "";
			targets = (
				060C0B051F75E3690088C6BB /* TransitionTest */,
			);
		};
/* End PBXProject section */

/* Begin PBXResourcesBuildPhase section */
		060C0B041F75E3690088C6BB /* Resources */ = {
			isa = PBXResourcesBuildPhase;
			buildActionMask = 2147483647;
			files = (
				060C0B141F75E3690088C6BB /* LaunchScreen.storyboard in Resources */,
				060C0B111F75E3690088C6BB /* Assets.xcassets in Resources */,
			);
			runOnlyForDeploymentPostprocessing = 0;
		};
/* End PBXResourcesBuildPhase section */

/* Begin PBXSourcesBuildPhase section */
		060C0B021F75E3690088C6BB /* Sources */ = {
			isa = PBXSourcesBuildPhase;
			buildActionMask = 2147483647;
			files = (
				060C0B1E1F75E3C80088C6BB /* JFConstriantsSimple.swift in Sources */,
				060C0B241F75E5100088C6BB /* SimpleChildController.swift in Sources */,
				060C0B201F75E4170088C6BB /* HeaderController.swift in Sources */,
				060C0B0A1F75E3690088C6BB /* AppDelegate.swift in Sources */,
				060C0B261F75E7D40088C6BB /* DuoContainerController.swift in Sources */,
				060C0B281F75EC870088C6BB /* Animator.swift in Sources */,
				060C0B221F75E4290088C6BB /* BodyController.swift in Sources */,
			);
			runOnlyForDeploymentPostprocessing = 0;
		};
/* End PBXSourcesBuildPhase section */

/* Begin PBXVariantGroup section */
		060C0B121F75E3690088C6BB /* LaunchScreen.storyboard */ = {
			isa = PBXVariantGroup;
			children = (
				060C0B131F75E3690088C6BB /* Base */,
			);
			name = LaunchScreen.storyboard;
			sourceTree = "<group>";
		};
/* End PBXVariantGroup section */

/* Begin XCBuildConfiguration section */
		060C0B161F75E3690088C6BB /* Debug */ = {
			isa = XCBuildConfiguration;
			buildSettings = {
				ALWAYS_SEARCH_USER_PATHS = NO;
				CLANG_ANALYZER_NONNULL = YES;
				CLANG_ANALYZER_NUMBER_OBJECT_CONVERSION = YES_AGGRESSIVE;
				CLANG_CXX_LANGUAGE_STANDARD = "gnu++14";
				CLANG_CXX_LIBRARY = "libc++";
				CLANG_ENABLE_MODULES = YES;
				CLANG_ENABLE_OBJC_ARC = YES;
				CLANG_WARN_BLOCK_CAPTURE_AUTORELEASING = YES;
				CLANG_WARN_BOOL_CONVERSION = YES;
				CLANG_WARN_COMMA = YES;
				CLANG_WARN_CONSTANT_CONVERSION = YES;
				CLANG_WARN_DIRECT_OBJC_ISA_USAGE = YES_ERROR;
				CLANG_WARN_DOCUMENTATION_COMMENTS = YES;
				CLANG_WARN_EMPTY_BODY = YES;
				CLANG_WARN_ENUM_CONVERSION = YES;
				CLANG_WARN_INFINITE_RECURSION = YES;
				CLANG_WARN_INT_CONVERSION = YES;
				CLANG_WARN_NON_LITERAL_NULL_CONVERSION = YES;
				CLANG_WARN_OBJC_LITERAL_CONVERSION = YES;
				CLANG_WARN_OBJC_ROOT_CLASS = YES_ERROR;
				CLANG_WARN_RANGE_LOOP_ANALYSIS = YES;
				CLANG_WARN_STRICT_PROTOTYPES = YES;
				CLANG_WARN_SUSPICIOUS_MOVE = YES;
				CLANG_WARN_UNGUARDED_AVAILABILITY = YES_AGGRESSIVE;
				CLANG_WARN_UNREACHABLE_CODE = YES;
				CLANG_WARN__DUPLICATE_METHOD_MATCH = YES;
				CODE_SIGN_IDENTITY = "iPhone Developer";
				COPY_PHASE_STRIP = NO;
				DEBUG_INFORMATION_FORMAT = dwarf;
				ENABLE_STRICT_OBJC_MSGSEND = YES;
				ENABLE_TESTABILITY = YES;
				GCC_C_LANGUAGE_STANDARD = gnu11;
				GCC_DYNAMIC_NO_PIC = NO;
				GCC_NO_COMMON_BLOCKS = YES;
				GCC_OPTIMIZATION_LEVEL = 0;
				GCC_PREPROCESSOR_DEFINITIONS = (
					"DEBUG=1",
					"$(inherited)",
				);
				GCC_WARN_64_TO_32_BIT_CONVERSION = YES;
				GCC_WARN_ABOUT_RETURN_TYPE = YES_ERROR;
				GCC_WARN_UNDECLARED_SELECTOR = YES;
				GCC_WARN_UNINITIALIZED_AUTOS = YES_AGGRESSIVE;
				GCC_WARN_UNUSED_FUNCTION = YES;
				GCC_WARN_UNUSED_VARIABLE = YES;
				IPHONEOS_DEPLOYMENT_TARGET = 11.0;
				MTL_ENABLE_DEBUG_INFO = YES;
				ONLY_ACTIVE_ARCH = YES;
				SDKROOT = iphoneos;
				SWIFT_ACTIVE_COMPILATION_CONDITIONS = DEBUG;
				SWIFT_OPTIMIZATION_LEVEL = "-Onone";
			};
			name = Debug;
		};
		060C0B171F75E3690088C6BB /* Release */ = {
			isa = XCBuildConfiguration;
			buildSettings = {
				ALWAYS_SEARCH_USER_PATHS = NO;
				CLANG_ANALYZER_NONNULL = YES;
				CLANG_ANALYZER_NUMBER_OBJECT_CONVERSION = YES_AGGRESSIVE;
				CLANG_CXX_LANGUAGE_STANDARD = "gnu++14";
				CLANG_CXX_LIBRARY = "libc++";
				CLANG_ENABLE_MODULES = YES;
				CLANG_ENABLE_OBJC_ARC = YES;
				CLANG_WARN_BLOCK_CAPTURE_AUTORELEASING = YES;
				CLANG_WARN_BOOL_CONVERSION = YES;
				CLANG_WARN_COMMA = YES;
				CLANG_WARN_CONSTANT_CONVERSION = YES;
				CLANG_WARN_DIRECT_OBJC_ISA_USAGE = YES_ERROR;
				CLANG_WARN_DOCUMENTATION_COMMENTS = YES;
				CLANG_WARN_EMPTY_BODY = YES;
				CLANG_WARN_ENUM_CONVERSION = YES;
				CLANG_WARN_INFINITE_RECURSION = YES;
				CLANG_WARN_INT_CONVERSION = YES;
				CLANG_WARN_NON_LITERAL_NULL_CONVERSION = YES;
				CLANG_WARN_OBJC_LITERAL_CONVERSION = YES;
				CLANG_WARN_OBJC_ROOT_CLASS = YES_ERROR;
				CLANG_WARN_RANGE_LOOP_ANALYSIS = YES;
				CLANG_WARN_STRICT_PROTOTYPES = YES;
				CLANG_WARN_SUSPICIOUS_MOVE = YES;
				CLANG_WARN_UNGUARDED_AVAILABILITY = YES_AGGRESSIVE;
				CLANG_WARN_UNREACHABLE_CODE = YES;
				CLANG_WARN__DUPLICATE_METHOD_MATCH = YES;
				CODE_SIGN_IDENTITY = "iPhone Developer";
				COPY_PHASE_STRIP = NO;
				DEBUG_INFORMATION_FORMAT = "dwarf-with-dsym";
				ENABLE_NS_ASSERTIONS = NO;
				ENABLE_STRICT_OBJC_MSGSEND = YES;
				GCC_C_LANGUAGE_STANDARD = gnu11;
				GCC_NO_COMMON_BLOCKS = YES;
				GCC_WARN_64_TO_32_BIT_CONVERSION = YES;
				GCC_WARN_ABOUT_RETURN_TYPE = YES_ERROR;
				GCC_WARN_UNDECLARED_SELECTOR = YES;
				GCC_WARN_UNINITIALIZED_AUTOS = YES_AGGRESSIVE;
				GCC_WARN_UNUSED_FUNCTION = YES;
				GCC_WARN_UNUSED_VARIABLE = YES;
				IPHONEOS_DEPLOYMENT_TARGET = 11.0;
				MTL_ENABLE_DEBUG_INFO = NO;
				SDKROOT = iphoneos;
				SWIFT_OPTIMIZATION_LEVEL = "-Owholemodule";
				VALIDATE_PRODUCT = YES;
			};
			name = Release;
		};
		060C0B191F75E3690088C6BB /* Debug */ = {
			isa = XCBuildConfiguration;
			buildSettings = {
				ASSETCATALOG_COMPILER_APPICON_NAME = AppIcon;
				CODE_SIGN_STYLE = Automatic;
				DEVELOPMENT_TEAM = 9KEE4TLJLH;
				INFOPLIST_FILE = TransitionTest/Info.plist;
				LD_RUNPATH_SEARCH_PATHS = "$(inherited) @executable_path/Frameworks";
				PRODUCT_BUNDLE_IDENTIFIER = com.Appocalypse.TransitionTest;
				PRODUCT_NAME = "$(TARGET_NAME)";
				SWIFT_VERSION = 4.0;
				TARGETED_DEVICE_FAMILY = "1,2";
			};
			name = Debug;
		};
		060C0B1A1F75E3690088C6BB /* Release */ = {
			isa = XCBuildConfiguration;
			buildSettings = {
				ASSETCATALOG_COMPILER_APPICON_NAME = AppIcon;
				CODE_SIGN_STYLE = Automatic;
				DEVELOPMENT_TEAM = 9KEE4TLJLH;
				INFOPLIST_FILE = TransitionTest/Info.plist;
				LD_RUNPATH_SEARCH_PATHS = "$(inherited) @executable_path/Frameworks";
				PRODUCT_BUNDLE_IDENTIFIER = com.Appocalypse.TransitionTest;
				PRODUCT_NAME = "$(TARGET_NAME)";
				SWIFT_VERSION = 4.0;
				TARGETED_DEVICE_FAMILY = "1,2";
			};
			name = Release;
		};
/* End XCBuildConfiguration section */

/* Begin XCConfigurationList section */
		060C0B011F75E3690088C6BB /* Build configuration list for PBXProject "TransitionTest" */ = {
			isa = XCConfigurationList;
			buildConfigurations = (
				060C0B161F75E3690088C6BB /* Debug */,
				060C0B171F75E3690088C6BB /* Release */,
			);
			defaultConfigurationIsVisible = 0;
			defaultConfigurationName = Release;
		};
		060C0B181F75E3690088C6BB /* Build configuration list for PBXNativeTarget "TransitionTest" */ = {
			isa = XCConfigurationList;
			buildConfigurations = (
				060C0B191F75E3690088C6BB /* Debug */,
				060C0B1A1F75E3690088C6BB /* Release */,
			);
			defaultConfigurationIsVisible = 0;
			defaultConfigurationName = Release;
		};
/* End XCConfigurationList section */
	};
	rootObject = 060C0AFE1F75E3690088C6BB /* Project object */;
}
